{
  "inputs": {
    "nixpkgs": {
      "info": {
        "lastModified": 1587567708,
        "narHash": "sha256-QiN1TaR2pXM3e1jMOjC/+/LqvaWTIWh35b9QIkiOJyo="
      },
      "inputs": {},
      "locked": {
        "owner": "NixOS",
        "repo": "nixpkgs",
        "rev": "95f82e2a45266cdca661389705da7c672c7a9cbc",
        "type": "github"
      },
      "original": {
        "id": "nixpkgs",
        "type": "indirect"
      }
    },
    "utils": {
      "info": {
        "lastModified": 1587568660,
        "narHash": "sha256-wDMil4k3Qmz61V5dElOBpqFPJq09tFRSRiojKX1O1bw="
      },
      "inputs": {},
      "locked": {
        "owner": "numtide",
        "repo": "flake-utils",
        "rev": "49ccc189377b693d3cba88d65c4d925f5e874269",
        "type": "github"
      },
      "original": {
        "owner": "numtide",
        "repo": "flake-utils",
        "type": "github"
      }
    }
  },
  "version": 4
}
